// !$*UTF8*$!
{
	archiveVersion = 1;
	classes = {
	};
	objectVersion = 46;
	objects = {

/* Begin PBXBuildFile section */
		44601E071F3453EF00FEECFC /* NSString+Category.m in Sources */ = {isa = PBXBuildFile; fileRef = 44601E061F3453EF00FEECFC /* NSString+Category.m */; };
		44601E0A1F34558C00FEECFC /* Tag.m in Sources */ = {isa = PBXBuildFile; fileRef = 44601E091F34558C00FEECFC /* Tag.m */; };
		44601E111F3460A200FEECFC /* NewCell.m in Sources */ = {isa = PBXBuildFile; fileRef = 44601E0F1F3460A200FEECFC /* NewCell.m */; };
		44601E121F3460A200FEECFC /* NewCell.xib in Resources */ = {isa = PBXBuildFile; fileRef = 44601E101F3460A200FEECFC /* NewCell.xib */; };
		44DD8A191F32B81400C55DB7 /* main.m in Sources */ = {isa = PBXBuildFile; fileRef = 44DD8A181F32B81400C55DB7 /* main.m */; };
		44DD8A1C1F32B81400C55DB7 /* AppDelegate.m in Sources */ = {isa = PBXBuildFile; fileRef = 44DD8A1B1F32B81400C55DB7 /* AppDelegate.m */; };
		44DD8A1F1F32B81400C55DB7 /* ViewController.m in Sources */ = {isa = PBXBuildFile; fileRef = 44DD8A1E1F32B81400C55DB7 /* ViewController.m */; };
		44DD8A221F32B81400C55DB7 /* Main.storyboard in Resources */ = {isa = PBXBuildFile; fileRef = 44DD8A201F32B81400C55DB7 /* Main.storyboard */; };
		44DD8A241F32B81400C55DB7 /* Assets.xcassets in Resources */ = {isa = PBXBuildFile; fileRef = 44DD8A231F32B81400C55DB7 /* Assets.xcassets */; };
		44DD8A271F32B81400C55DB7 /* LaunchScreen.storyboard in Resources */ = {isa = PBXBuildFile; fileRef = 44DD8A251F32B81400C55DB7 /* LaunchScreen.storyboard */; };
		44DD8A301F32BC6A00C55DB7 /* CYLTabBarControllerConfig.m in Sources */ = {isa = PBXBuildFile; fileRef = 44DD8A2F1F32BC6A00C55DB7 /* CYLTabBarControllerConfig.m */; };
		44DD8A381F32BD2200C55DB7 /* IndexViewController.m in Sources */ = {isa = PBXBuildFile; fileRef = 44DD8A371F32BD2200C55DB7 /* IndexViewController.m */; };
		44DD8A3B1F32BDC700C55DB7 /* CategoryReadViewController.m in Sources */ = {isa = PBXBuildFile; fileRef = 44DD8A3A1F32BDC700C55DB7 /* CategoryReadViewController.m */; };
		44DD8A3E1F32BEB700C55DB7 /* InfoViewController.m in Sources */ = {isa = PBXBuildFile; fileRef = 44DD8A3D1F32BEB700C55DB7 /* InfoViewController.m */; };
		44DD8A411F32BED200C55DB7 /* AssistantViewController.m in Sources */ = {isa = PBXBuildFile; fileRef = 44DD8A401F32BED200C55DB7 /* AssistantViewController.m */; };
		44DD8A441F32BEEC00C55DB7 /* PersonCenterViewController.m in Sources */ = {isa = PBXBuildFile; fileRef = 44DD8A431F32BEEC00C55DB7 /* PersonCenterViewController.m */; };
		44DD8A4F1F32C0A400C55DB7 /* WDZSegmentedControl.m in Sources */ = {isa = PBXBuildFile; fileRef = 44DD8A491F32C0A400C55DB7 /* WDZSegmentedControl.m */; };
		44DD8A501F32C0A400C55DB7 /* ViewControllerInterceptor.m in Sources */ = {isa = PBXBuildFile; fileRef = 44DD8A4B1F32C0A400C55DB7 /* ViewControllerInterceptor.m */; };
		44DD8A541F32C0BC00C55DB7 /* WDZSegmentedView.m in Sources */ = {isa = PBXBuildFile; fileRef = 44DD8A531F32C0BC00C55DB7 /* WDZSegmentedView.m */; };
		44DD8A571F32C27300C55DB7 /* FatherTableViewController.m in Sources */ = {isa = PBXBuildFile; fileRef = 44DD8A561F32C27300C55DB7 /* FatherTableViewController.m */; };
		44DD8A5C1F34041A00C55DB7 /* WDZAFNetworking.m in Sources */ = {isa = PBXBuildFile; fileRef = 44DD8A5B1F34041A00C55DB7 /* WDZAFNetworking.m */; };
		44FDB6091F341425009110F3 /* News.m in Sources */ = {isa = PBXBuildFile; fileRef = 44FDB6081F341425009110F3 /* News.m */; };
		694D2961A2C44D8CB93ACEAA /* libPods-FreeBuf.a in Frameworks */ = {isa = PBXBuildFile; fileRef = FD03790008A694071DE7DBBE /* libPods-FreeBuf.a */; };
/* End PBXBuildFile section */

/* Begin PBXFileReference section */
		44601E051F3453EF00FEECFC /* NSString+Category.h */ = {isa = PBXFileReference; fileEncoding = 4; lastKnownFileType = sourcecode.c.h; path = "NSString+Category.h"; sourceTree = "<group>"; };
		44601E061F3453EF00FEECFC /* NSString+Category.m */ = {isa = PBXFileReference; fileEncoding = 4; lastKnownFileType = sourcecode.c.objc; path = "NSString+Category.m"; sourceTree = "<group>"; };
		44601E081F34558C00FEECFC /* Tag.h */ = {isa = PBXFileReference; fileEncoding = 4; lastKnownFileType = sourcecode.c.h; path = Tag.h; sourceTree = "<group>"; };
		44601E091F34558C00FEECFC /* Tag.m */ = {isa = PBXFileReference; fileEncoding = 4; lastKnownFileType = sourcecode.c.objc; path = Tag.m; sourceTree = "<group>"; };
		44601E0E1F3460A200FEECFC /* NewCell.h */ = {isa = PBXFileReference; fileEncoding = 4; lastKnownFileType = sourcecode.c.h; path = NewCell.h; sourceTree = "<group>"; };
		44601E0F1F3460A200FEECFC /* NewCell.m */ = {isa = PBXFileReference; fileEncoding = 4; lastKnownFileType = sourcecode.c.objc; path = NewCell.m; sourceTree = "<group>"; };
		44601E101F3460A200FEECFC /* NewCell.xib */ = {isa = PBXFileReference; fileEncoding = 4; lastKnownFileType = file.xib; path = NewCell.xib; sourceTree = "<group>"; };
		44DD8A141F32B81400C55DB7 /* FreeBuf.app */ = {isa = PBXFileReference; explicitFileType = wrapper.application; includeInIndex = 0; path = FreeBuf.app; sourceTree = BUILT_PRODUCTS_DIR; };
		44DD8A181F32B81400C55DB7 /* main.m */ = {isa = PBXFileReference; lastKnownFileType = sourcecode.c.objc; path = main.m; sourceTree = "<group>"; };
		44DD8A1A1F32B81400C55DB7 /* AppDelegate.h */ = {isa = PBXFileReference; lastKnownFileType = sourcecode.c.h; path = AppDelegate.h; sourceTree = "<group>"; };
		44DD8A1B1F32B81400C55DB7 /* AppDelegate.m */ = {isa = PBXFileReference; lastKnownFileType = sourcecode.c.objc; path = AppDelegate.m; sourceTree = "<group>"; };
		44DD8A1D1F32B81400C55DB7 /* ViewController.h */ = {isa = PBXFileReference; lastKnownFileType = sourcecode.c.h; path = ViewController.h; sourceTree = "<group>"; };
		44DD8A1E1F32B81400C55DB7 /* ViewController.m */ = {isa = PBXFileReference; lastKnownFileType = sourcecode.c.objc; path = ViewController.m; sourceTree = "<group>"; };
		44DD8A211F32B81400C55DB7 /* Base */ = {isa = PBXFileReference; lastKnownFileType = file.storyboard; name = Base; path = Base.lproj/Main.storyboard; sourceTree = "<group>"; };
		44DD8A231F32B81400C55DB7 /* Assets.xcassets */ = {isa = PBXFileReference; lastKnownFileType = folder.assetcatalog; path = Assets.xcassets; sourceTree = "<group>"; };
		44DD8A261F32B81400C55DB7 /* Base */ = {isa = PBXFileReference; lastKnownFileType = file.storyboard; name = Base; path = Base.lproj/LaunchScreen.storyboard; sourceTree = "<group>"; };
		44DD8A281F32B81400C55DB7 /* Info.plist */ = {isa = PBXFileReference; lastKnownFileType = text.plist.xml; path = Info.plist; sourceTree = "<group>"; };
		44DD8A2E1F32BC6A00C55DB7 /* CYLTabBarControllerConfig.h */ = {isa = PBXFileReference; fileEncoding = 4; lastKnownFileType = sourcecode.c.h; path = CYLTabBarControllerConfig.h; sourceTree = "<group>"; };
		44DD8A2F1F32BC6A00C55DB7 /* CYLTabBarControllerConfig.m */ = {isa = PBXFileReference; fileEncoding = 4; lastKnownFileType = sourcecode.c.objc; path = CYLTabBarControllerConfig.m; sourceTree = "<group>"; };
		44DD8A361F32BD2200C55DB7 /* IndexViewController.h */ = {isa = PBXFileReference; fileEncoding = 4; lastKnownFileType = sourcecode.c.h; path = IndexViewController.h; sourceTree = "<group>"; };
		44DD8A371F32BD2200C55DB7 /* IndexViewController.m */ = {isa = PBXFileReference; fileEncoding = 4; lastKnownFileType = sourcecode.c.objc; path = IndexViewController.m; sourceTree = "<group>"; };
		44DD8A391F32BDC700C55DB7 /* CategoryReadViewController.h */ = {isa = PBXFileReference; fileEncoding = 4; lastKnownFileType = sourcecode.c.h; path = CategoryReadViewController.h; sourceTree = "<group>"; };
		44DD8A3A1F32BDC700C55DB7 /* CategoryReadViewController.m */ = {isa = PBXFileReference; fileEncoding = 4; lastKnownFileType = sourcecode.c.objc; path = CategoryReadViewController.m; sourceTree = "<group>"; };
		44DD8A3C1F32BEB700C55DB7 /* InfoViewController.h */ = {isa = PBXFileReference; fileEncoding = 4; lastKnownFileType = sourcecode.c.h; path = InfoViewController.h; sourceTree = "<group>"; };
		44DD8A3D1F32BEB700C55DB7 /* InfoViewController.m */ = {isa = PBXFileReference; fileEncoding = 4; lastKnownFileType = sourcecode.c.objc; path = InfoViewController.m; sourceTree = "<group>"; };
		44DD8A3F1F32BED200C55DB7 /* AssistantViewController.h */ = {isa = PBXFileReference; fileEncoding = 4; lastKnownFileType = sourcecode.c.h; path = AssistantViewController.h; sourceTree = "<group>"; };
		44DD8A401F32BED200C55DB7 /* AssistantViewController.m */ = {isa = PBXFileReference; fileEncoding = 4; lastKnownFileType = sourcecode.c.objc; path = AssistantViewController.m; sourceTree = "<group>"; };
		44DD8A421F32BEEC00C55DB7 /* PersonCenterViewController.h */ = {isa = PBXFileReference; fileEncoding = 4; lastKnownFileType = sourcecode.c.h; path = PersonCenterViewController.h; sourceTree = "<group>"; };
		44DD8A431F32BEEC00C55DB7 /* PersonCenterViewController.m */ = {isa = PBXFileReference; fileEncoding = 4; lastKnownFileType = sourcecode.c.objc; path = PersonCenterViewController.m; sourceTree = "<group>"; };
		44DD8A451F32BF9A00C55DB7 /* PrefixHeader.pch */ = {isa = PBXFileReference; fileEncoding = 4; lastKnownFileType = sourcecode.c.h; path = PrefixHeader.pch; sourceTree = "<group>"; };
		44DD8A481F32C0A400C55DB7 /* WDZSegmentedControl.h */ = {isa = PBXFileReference; fileEncoding = 4; lastKnownFileType = sourcecode.c.h; path = WDZSegmentedControl.h; sourceTree = "<group>"; };
		44DD8A491F32C0A400C55DB7 /* WDZSegmentedControl.m */ = {isa = PBXFileReference; fileEncoding = 4; lastKnownFileType = sourcecode.c.objc; path = WDZSegmentedControl.m; sourceTree = "<group>"; };
		44DD8A4A1F32C0A400C55DB7 /* ViewControllerInterceptor.h */ = {isa = PBXFileReference; fileEncoding = 4; lastKnownFileType = sourcecode.c.h; path = ViewControllerInterceptor.h; sourceTree = "<group>"; };
		44DD8A4B1F32C0A400C55DB7 /* ViewControllerInterceptor.m */ = {isa = PBXFileReference; fileEncoding = 4; lastKnownFileType = sourcecode.c.objc; path = ViewControllerInterceptor.m; sourceTree = "<group>"; };
		44DD8A4C1F32C0A400C55DB7 /* WDZSerializeKit.h */ = {isa = PBXFileReference; fileEncoding = 4; lastKnownFileType = sourcecode.c.h; path = WDZSerializeKit.h; sourceTree = "<group>"; };
		44DD8A521F32C0BC00C55DB7 /* WDZSegmentedView.h */ = {isa = PBXFileReference; fileEncoding = 4; lastKnownFileType = sourcecode.c.h; path = WDZSegmentedView.h; sourceTree = "<group>"; };
		44DD8A531F32C0BC00C55DB7 /* WDZSegmentedView.m */ = {isa = PBXFileReference; fileEncoding = 4; lastKnownFileType = sourcecode.c.objc; path = WDZSegmentedView.m; sourceTree = "<group>"; };
		44DD8A551F32C27300C55DB7 /* FatherTableViewController.h */ = {isa = PBXFileReference; fileEncoding = 4; lastKnownFileType = sourcecode.c.h; path = FatherTableViewController.h; sourceTree = "<group>"; };
		44DD8A561F32C27300C55DB7 /* FatherTableViewController.m */ = {isa = PBXFileReference; fileEncoding = 4; lastKnownFileType = sourcecode.c.objc; path = FatherTableViewController.m; sourceTree = "<group>"; };
		44DD8A5A1F34041A00C55DB7 /* WDZAFNetworking.h */ = {isa = PBXFileReference; fileEncoding = 4; lastKnownFileType = sourcecode.c.h; path = WDZAFNetworking.h; sourceTree = "<group>"; };
		44DD8A5B1F34041A00C55DB7 /* WDZAFNetworking.m */ = {isa = PBXFileReference; fileEncoding = 4; lastKnownFileType = sourcecode.c.objc; path = WDZAFNetworking.m; sourceTree = "<group>"; };
		44FDB6071F341425009110F3 /* News.h */ = {isa = PBXFileReference; fileEncoding = 4; lastKnownFileType = sourcecode.c.h; path = News.h; sourceTree = "<group>"; };
		44FDB6081F341425009110F3 /* News.m */ = {isa = PBXFileReference; fileEncoding = 4; lastKnownFileType = sourcecode.c.objc; path = News.m; sourceTree = "<group>"; };
		5F62CF1140FEA757BB781160 /* Pods-FreeBuf.release.xcconfig */ = {isa = PBXFileReference; includeInIndex = 1; lastKnownFileType = text.xcconfig; name = "Pods-FreeBuf.release.xcconfig"; path = "Pods/Target Support Files/Pods-FreeBuf/Pods-FreeBuf.release.xcconfig"; sourceTree = "<group>"; };
		BFF2381DC2B09C0071033476 /* Pods-FreeBuf.debug.xcconfig */ = {isa = PBXFileReference; includeInIndex = 1; lastKnownFileType = text.xcconfig; name = "Pods-FreeBuf.debug.xcconfig"; path = "Pods/Target Support Files/Pods-FreeBuf/Pods-FreeBuf.debug.xcconfig"; sourceTree = "<group>"; };
		FD03790008A694071DE7DBBE /* libPods-FreeBuf.a */ = {isa = PBXFileReference; explicitFileType = archive.ar; includeInIndex = 0; path = "libPods-FreeBuf.a"; sourceTree = BUILT_PRODUCTS_DIR; };
/* End PBXFileReference section */

/* Begin PBXFrameworksBuildPhase section */
		44DD8A111F32B81400C55DB7 /* Frameworks */ = {
			isa = PBXFrameworksBuildPhase;
			buildActionMask = 2147483647;
			files = (
				694D2961A2C44D8CB93ACEAA /* libPods-FreeBuf.a in Frameworks */,
			);
			runOnlyForDeploymentPostprocessing = 0;
		};
/* End PBXFrameworksBuildPhase section */

/* Begin PBXGroup section */
		44601E041F3453B000FEECFC /* Category */ = {
			isa = PBXGroup;
			children = (
				44601E051F3453EF00FEECFC /* NSString+Category.h */,
				44601E061F3453EF00FEECFC /* NSString+Category.m */,
			);
			name = Category;
			sourceTree = "<group>";
		};
		44DD8A0B1F32B81400C55DB7 = {
			isa = PBXGroup;
			children = (
				44DD8A161F32B81400C55DB7 /* FreeBuf */,
				44DD8A151F32B81400C55DB7 /* Products */,
				53512BC52B3CF76FE525E29C /* Pods */,
				FC80A0E974BE9F3AE8BA8E3E /* Frameworks */,
			);
			sourceTree = "<group>";
		};
		44DD8A151F32B81400C55DB7 /* Products */ = {
			isa = PBXGroup;
			children = (
				44DD8A141F32B81400C55DB7 /* FreeBuf.app */,
			);
			name = Products;
			sourceTree = "<group>";
		};
		44DD8A161F32B81400C55DB7 /* FreeBuf */ = {
			isa = PBXGroup;
			children = (
				44DD8A461F32C07000C55DB7 /* Other */,
				44DD8A351F32BCD800C55DB7 /* Tab4 */,
				44DD8A341F32BCD100C55DB7 /* Tab3 */,
				44DD8A331F32BCCB00C55DB7 /* Tab2 */,
				44DD8A321F32BCC400C55DB7 /* Tab1 */,
				44DD8A311F32BCB600C55DB7 /* Tab0 */,
				44DD8A2E1F32BC6A00C55DB7 /* CYLTabBarControllerConfig.h */,
				44DD8A2F1F32BC6A00C55DB7 /* CYLTabBarControllerConfig.m */,
				44DD8A1A1F32B81400C55DB7 /* AppDelegate.h */,
				44DD8A1B1F32B81400C55DB7 /* AppDelegate.m */,
				44DD8A1D1F32B81400C55DB7 /* ViewController.h */,
				44DD8A1E1F32B81400C55DB7 /* ViewController.m */,
				44DD8A201F32B81400C55DB7 /* Main.storyboard */,
				44DD8A231F32B81400C55DB7 /* Assets.xcassets */,
				44DD8A251F32B81400C55DB7 /* LaunchScreen.storyboard */,
				44DD8A281F32B81400C55DB7 /* Info.plist */,
				44DD8A171F32B81400C55DB7 /* Supporting Files */,
			);
			path = FreeBuf;
			sourceTree = "<group>";
		};
		44DD8A171F32B81400C55DB7 /* Supporting Files */ = {
			isa = PBXGroup;
			children = (
				44DD8A451F32BF9A00C55DB7 /* PrefixHeader.pch */,
				44DD8A181F32B81400C55DB7 /* main.m */,
			);
			name = "Supporting Files";
			sourceTree = "<group>";
		};
		44DD8A311F32BCB600C55DB7 /* Tab0 */ = {
			isa = PBXGroup;
			children = (
				44DD8A361F32BD2200C55DB7 /* IndexViewController.h */,
				44DD8A371F32BD2200C55DB7 /* IndexViewController.m */,
				44FDB6071F341425009110F3 /* News.h */,
				44FDB6081F341425009110F3 /* News.m */,
				44601E081F34558C00FEECFC /* Tag.h */,
				44601E091F34558C00FEECFC /* Tag.m */,
				44601E0E1F3460A200FEECFC /* NewCell.h */,
				44601E0F1F3460A200FEECFC /* NewCell.m */,
				44601E101F3460A200FEECFC /* NewCell.xib */,
			);
			name = Tab0;
			sourceTree = "<group>";
		};
		44DD8A321F32BCC400C55DB7 /* Tab1 */ = {
			isa = PBXGroup;
			children = (
				44DD8A391F32BDC700C55DB7 /* CategoryReadViewController.h */,
				44DD8A3A1F32BDC700C55DB7 /* CategoryReadViewController.m */,
			);
			name = Tab1;
			sourceTree = "<group>";
		};
		44DD8A331F32BCCB00C55DB7 /* Tab2 */ = {
			isa = PBXGroup;
			children = (
				44DD8A3C1F32BEB700C55DB7 /* InfoViewController.h */,
				44DD8A3D1F32BEB700C55DB7 /* InfoViewController.m */,
			);
			name = Tab2;
			sourceTree = "<group>";
		};
		44DD8A341F32BCD100C55DB7 /* Tab3 */ = {
			isa = PBXGroup;
			children = (
				44DD8A3F1F32BED200C55DB7 /* AssistantViewController.h */,
				44DD8A401F32BED200C55DB7 /* AssistantViewController.m */,
			);
			name = Tab3;
			sourceTree = "<group>";
		};
		44DD8A351F32BCD800C55DB7 /* Tab4 */ = {
			isa = PBXGroup;
			children = (
				44DD8A421F32BEEC00C55DB7 /* PersonCenterViewController.h */,
				44DD8A431F32BEEC00C55DB7 /* PersonCenterViewController.m */,
			);
			name = Tab4;
			sourceTree = "<group>";
		};
		44DD8A461F32C07000C55DB7 /* Other */ = {
			isa = PBXGroup;
			children = (
				44601E041F3453B000FEECFC /* Category */,
				44DD8A471F32C07700C55DB7 /* Utils */,
			);
			name = Other;
			sourceTree = "<group>";
		};
		44DD8A471F32C07700C55DB7 /* Utils */ = {
			isa = PBXGroup;
			children = (
				44DD8A5A1F34041A00C55DB7 /* WDZAFNetworking.h */,
				44DD8A5B1F34041A00C55DB7 /* WDZAFNetworking.m */,
				44DD8A551F32C27300C55DB7 /* FatherTableViewController.h */,
				44DD8A561F32C27300C55DB7 /* FatherTableViewController.m */,
				44DD8A521F32C0BC00C55DB7 /* WDZSegmentedView.h */,
				44DD8A531F32C0BC00C55DB7 /* WDZSegmentedView.m */,
				44DD8A481F32C0A400C55DB7 /* WDZSegmentedControl.h */,
				44DD8A491F32C0A400C55DB7 /* WDZSegmentedControl.m */,
				44DD8A4A1F32C0A400C55DB7 /* ViewControllerInterceptor.h */,
				44DD8A4B1F32C0A400C55DB7 /* ViewControllerInterceptor.m */,
				44DD8A4C1F32C0A400C55DB7 /* WDZSerializeKit.h */,
			);
			name = Utils;
			sourceTree = "<group>";
		};
		53512BC52B3CF76FE525E29C /* Pods */ = {
			isa = PBXGroup;
			children = (
				BFF2381DC2B09C0071033476 /* Pods-FreeBuf.debug.xcconfig */,
				5F62CF1140FEA757BB781160 /* Pods-FreeBuf.release.xcconfig */,
			);
			name = Pods;
			sourceTree = "<group>";
		};
		FC80A0E974BE9F3AE8BA8E3E /* Frameworks */ = {
			isa = PBXGroup;
			children = (
				FD03790008A694071DE7DBBE /* libPods-FreeBuf.a */,
			);
			name = Frameworks;
			sourceTree = "<group>";
		};
/* End PBXGroup section */

/* Begin PBXNativeTarget section */
		44DD8A131F32B81400C55DB7 /* FreeBuf */ = {
			isa = PBXNativeTarget;
			buildConfigurationList = 44DD8A2B1F32B81400C55DB7 /* Build configuration list for PBXNativeTarget "FreeBuf" */;
			buildPhases = (
				6D7A8CE73176DC6C096107C1 /* [CP] Check Pods Manifest.lock */,
				44DD8A101F32B81400C55DB7 /* Sources */,
				44DD8A111F32B81400C55DB7 /* Frameworks */,
				44DD8A121F32B81400C55DB7 /* Resources */,
				5997EBAC1A8F80B11C5AFBAE /* [CP] Embed Pods Frameworks */,
				AC7AAA374820F5CD4B178A71 /* [CP] Copy Pods Resources */,
			);
			buildRules = (
			);
			dependencies = (
			);
			name = FreeBuf;
			productName = FreeBuf;
			productReference = 44DD8A141F32B81400C55DB7 /* FreeBuf.app */;
			productType = "com.apple.product-type.application";
		};
/* End PBXNativeTarget section */

/* Begin PBXProject section */
		44DD8A0C1F32B81400C55DB7 /* Project object */ = {
			isa = PBXProject;
			attributes = {
				LastUpgradeCheck = 0830;
				ORGANIZATIONNAME = clkeji;
				TargetAttributes = {
					44DD8A131F32B81400C55DB7 = {
						CreatedOnToolsVersion = 8.3.3;
						DevelopmentTeam = 3PYKU7D6KZ;
						ProvisioningStyle = Automatic;
					};
				};
			};
			buildConfigurationList = 44DD8A0F1F32B81400C55DB7 /* Build configuration list for PBXProject "FreeBuf" */;
			compatibilityVersion = "Xcode 3.2";
			developmentRegion = English;
			hasScannedForEncodings = 0;
			knownRegions = (
				en,
				Base,
			);
			mainGroup = 44DD8A0B1F32B81400C55DB7;
			productRefGroup = 44DD8A151F32B81400C55DB7 /* Products */;
			projectDirPath = "";
			projectRoot = "";
			targets = (
				44DD8A131F32B81400C55DB7 /* FreeBuf */,
			);
		};
/* End PBXProject section */

/* Begin PBXResourcesBuildPhase section */
		44DD8A121F32B81400C55DB7 /* Resources */ = {
			isa = PBXResourcesBuildPhase;
			buildActionMask = 2147483647;
			files = (
				44DD8A271F32B81400C55DB7 /* LaunchScreen.storyboard in Resources */,
				44DD8A241F32B81400C55DB7 /* Assets.xcassets in Resources */,
				44601E121F3460A200FEECFC /* NewCell.xib in Resources */,
				44DD8A221F32B81400C55DB7 /* Main.storyboard in Resources */,
			);
			runOnlyForDeploymentPostprocessing = 0;
		};
/* End PBXResourcesBuildPhase section */

/* Begin PBXShellScriptBuildPhase section */
		5997EBAC1A8F80B11C5AFBAE /* [CP] Embed Pods Frameworks */ = {
			isa = PBXShellScriptBuildPhase;
			buildActionMask = 2147483647;
			files = (
			);
			inputPaths = (
			);
			name = "[CP] Embed Pods Frameworks";
			outputPaths = (
			);
			runOnlyForDeploymentPostprocessing = 0;
			shellPath = /bin/sh;
			shellScript = "\"${SRCROOT}/Pods/Target Support Files/Pods-FreeBuf/Pods-FreeBuf-frameworks.sh\"\n";
			showEnvVarsInLog = 0;
		};
		6D7A8CE73176DC6C096107C1 /* [CP] Check Pods Manifest.lock */ = {
			isa = PBXShellScriptBuildPhase;
			buildActionMask = 2147483647;
			files = (
			);
			inputPaths = (
			);
			name = "[CP] Check Pods Manifest.lock";
			outputPaths = (
			);
			runOnlyForDeploymentPostprocessing = 0;
			shellPath = /bin/sh;
			shellScript = "diff \"${PODS_PODFILE_DIR_PATH}/Podfile.lock\" \"${PODS_ROOT}/Manifest.lock\" > /dev/null\nif [ $? != 0 ] ; then\n    # print error to STDERR\n    echo \"error: The sandbox is not in sync with the Podfile.lock. Run 'pod install' or update your CocoaPods installation.\" >&2\n    exit 1\nfi\n";
			showEnvVarsInLog = 0;
		};
		AC7AAA374820F5CD4B178A71 /* [CP] Copy Pods Resources */ = {
			isa = PBXShellScriptBuildPhase;
			buildActionMask = 2147483647;
			files = (
			);
			inputPaths = (
			);
			name = "[CP] Copy Pods Resources";
			outputPaths = (
			);
			runOnlyForDeploymentPostprocessing = 0;
			shellPath = /bin/sh;
			shellScript = "\"${SRCROOT}/Pods/Target Support Files/Pods-FreeBuf/Pods-FreeBuf-resources.sh\"\n";
			showEnvVarsInLog = 0;
		};
/* End PBXShellScriptBuildPhase section */

/* Begin PBXSourcesBuildPhase section */
		44DD8A101F32B81400C55DB7 /* Sources */ = {
			isa = PBXSourcesBuildPhase;
			buildActionMask = 2147483647;
			files = (
				44DD8A3B1F32BDC700C55DB7 /* CategoryReadViewController.m in Sources */,
				44DD8A301F32BC6A00C55DB7 /* CYLTabBarControllerConfig.m in Sources */,
				44DD8A1F1F32B81400C55DB7 /* ViewController.m in Sources */,
				44DD8A1C1F32B81400C55DB7 /* AppDelegate.m in Sources */,
				44DD8A191F32B81400C55DB7 /* main.m in Sources */,
				44FDB6091F341425009110F3 /* News.m in Sources */,
				44DD8A541F32C0BC00C55DB7 /* WDZSegmentedView.m in Sources */,
				44601E0A1F34558C00FEECFC /* Tag.m in Sources */,
				44DD8A501F32C0A400C55DB7 /* ViewControllerInterceptor.m in Sources */,
				44DD8A411F32BED200C55DB7 /* AssistantViewController.m in Sources */,
				44DD8A4F1F32C0A400C55DB7 /* WDZSegmentedControl.m in Sources */,
				44DD8A571F32C27300C55DB7 /* FatherTableViewController.m in Sources */,
				44DD8A3E1F32BEB700C55DB7 /* InfoViewController.m in Sources */,
				44DD8A441F32BEEC00C55DB7 /* PersonCenterViewController.m in Sources */,
				44DD8A5C1F34041A00C55DB7 /* WDZAFNetworking.m in Sources */,
				44DD8A381F32BD2200C55DB7 /* IndexViewController.m in Sources */,
				44601E111F3460A200FEECFC /* NewCell.m in Sources */,
				44601E071F3453EF00FEECFC /* NSString+Category.m in Sources */,
			);
			runOnlyForDeploymentPostprocessing = 0;
		};
/* End PBXSourcesBuildPhase section */

/* Begin PBXVariantGroup section */
		44DD8A201F32B81400C55DB7 /* Main.storyboard */ = {
			isa = PBXVariantGroup;
			children = (
				44DD8A211F32B81400C55DB7 /* Base */,
			);
			name = Main.storyboard;
			sourceTree = "<group>";
		};
		44DD8A251F32B81400C55DB7 /* LaunchScreen.storyboard */ = {
			isa = PBXVariantGroup;
			children = (
				44DD8A261F32B81400C55DB7 /* Base */,
			);
			name = LaunchScreen.storyboard;
			sourceTree = "<group>";
		};
/* End PBXVariantGroup section */

/* Begin XCBuildConfiguration section */
		44DD8A291F32B81400C55DB7 /* Debug */ = {
			isa = XCBuildConfiguration;
			buildSettings = {
				ALWAYS_SEARCH_USER_PATHS = NO;
				CLANG_ANALYZER_NONNULL = YES;
				CLANG_ANALYZER_NUMBER_OBJECT_CONVERSION = YES_AGGRESSIVE;
				CLANG_CXX_LANGUAGE_STANDARD = "gnu++0x";
				CLANG_CXX_LIBRARY = "libc++";
				CLANG_ENABLE_MODULES = YES;
				CLANG_ENABLE_OBJC_ARC = YES;
				CLANG_WARN_BOOL_CONVERSION = YES;
				CLANG_WARN_CONSTANT_CONVERSION = YES;
				CLANG_WARN_DIRECT_OBJC_ISA_USAGE = YES_ERROR;
				CLANG_WARN_DOCUMENTATION_COMMENTS = YES;
				CLANG_WARN_EMPTY_BODY = YES;
				CLANG_WARN_ENUM_CONVERSION = YES;
				CLANG_WARN_INFINITE_RECURSION = YES;
				CLANG_WARN_INT_CONVERSION = YES;
				CLANG_WARN_OBJC_ROOT_CLASS = YES_ERROR;
				CLANG_WARN_SUSPICIOUS_MOVE = YES;
				CLANG_WARN_UNREACHABLE_CODE = YES;
				CLANG_WARN__DUPLICATE_METHOD_MATCH = YES;
				"CODE_SIGN_IDENTITY[sdk=iphoneos*]" = "iPhone Developer";
				COPY_PHASE_STRIP = NO;
				DEBUG_INFORMATION_FORMAT = dwarf;
				ENABLE_STRICT_OBJC_MSGSEND = YES;
				ENABLE_TESTABILITY = YES;
				GCC_C_LANGUAGE_STANDARD = gnu99;
				GCC_DYNAMIC_NO_PIC = NO;
				GCC_NO_COMMON_BLOCKS = YES;
				GCC_OPTIMIZATION_LEVEL = 0;
				GCC_PREPROCESSOR_DEFINITIONS = (
					"DEBUG=1",
					"$(inherited)",
				);
				GCC_WARN_64_TO_32_BIT_CONVERSION = YES;
				GCC_WARN_ABOUT_RETURN_TYPE = YES_ERROR;
				GCC_WARN_UNDECLARED_SELECTOR = YES;
				GCC_WARN_UNINITIALIZED_AUTOS = YES_AGGRESSIVE;
				GCC_WARN_UNUSED_FUNCTION = YES;
				GCC_WARN_UNUSED_VARIABLE = YES;
				IPHONEOS_DEPLOYMENT_TARGET = 10.3;
				MTL_ENABLE_DEBUG_INFO = YES;
				ONLY_ACTIVE_ARCH = YES;
				SDKROOT = iphoneos;
			};
			name = Debug;
		};
		44DD8A2A1F32B81400C55DB7 /* Release */ = {
			isa = XCBuildConfiguration;
			buildSettings = {
				ALWAYS_SEARCH_USER_PATHS = NO;
				CLANG_ANALYZER_NONNULL = YES;
				CLANG_ANALYZER_NUMBER_OBJECT_CONVERSION = YES_AGGRESSIVE;
				CLANG_CXX_LANGUAGE_STANDARD = "gnu++0x";
				CLANG_CXX_LIBRARY = "libc++";
				CLANG_ENABLE_MODULES = YES;
				CLANG_ENABLE_OBJC_ARC = YES;
				CLANG_WARN_BOOL_CONVERSION = YES;
				CLANG_WARN_CONSTANT_CONVERSION = YES;
				CLANG_WARN_DIRECT_OBJC_ISA_USAGE = YES_ERROR;
				CLANG_WARN_DOCUMENTATION_COMMENTS = YES;
				CLANG_WARN_EMPTY_BODY = YES;
				CLANG_WARN_ENUM_CONVERSION = YES;
				CLANG_WARN_INFINITE_RECURSION = YES;
				CLANG_WARN_INT_CONVERSION = YES;
				CLANG_WARN_OBJC_ROOT_CLASS = YES_ERROR;
				CLANG_WARN_SUSPICIOUS_MOVE = YES;
				CLANG_WARN_UNREACHABLE_CODE = YES;
				CLANG_WARN__DUPLICATE_METHOD_MATCH = YES;
				"CODE_SIGN_IDENTITY[sdk=iphoneos*]" = "iPhone Developer";
				COPY_PHASE_STRIP = NO;
				DEBUG_INFORMATION_FORMAT = "dwarf-with-dsym";
				ENABLE_NS_ASSERTIONS = NO;
				ENABLE_STRICT_OBJC_MSGSEND = YES;
				GCC_C_LANGUAGE_STANDARD = gnu99;
				GCC_NO_COMMON_BLOCKS = YES;
				GCC_WARN_64_TO_32_BIT_CONVERSION = YES;
				GCC_WARN_ABOUT_RETURN_TYPE = YES_ERROR;
				GCC_WARN_UNDECLARED_SELECTOR = YES;
				GCC_WARN_UNINITIALIZED_AUTOS = YES_AGGRESSIVE;
				GCC_WARN_UNUSED_FUNCTION = YES;
				GCC_WARN_UNUSED_VARIABLE = YES;
				IPHONEOS_DEPLOYMENT_TARGET = 10.3;
				MTL_ENABLE_DEBUG_INFO = NO;
				SDKROOT = iphoneos;
				VALIDATE_PRODUCT = YES;
			};
			name = Release;
		};
		44DD8A2C1F32B81400C55DB7 /* Debug */ = {
			isa = XCBuildConfiguration;
			baseConfigurationReference = BFF2381DC2B09C0071033476 /* Pods-FreeBuf.debug.xcconfig */;
			buildSettings = {
				ASSETCATALOG_COMPILER_APPICON_NAME = AppIcon;
				DEVELOPMENT_TEAM = 3PYKU7D6KZ;
				GCC_PREFIX_HEADER = FreeBuf/PrefixHeader.pch;
				INFOPLIST_FILE = FreeBuf/Info.plist;
				IPHONEOS_DEPLOYMENT_TARGET = 8.0;
				LD_RUNPATH_SEARCH_PATHS = "$(inherited) @executable_path/Frameworks";
				PRODUCT_BUNDLE_IDENTIFIER = com.clkeji.FreeBuf;
				PRODUCT_NAME = "$(TARGET_NAME)";
			};
			name = Debug;
		};
		44DD8A2D1F32B81400C55DB7 /* Release */ = {
			isa = XCBuildConfiguration;
			baseConfigurationReference = 5F62CF1140FEA757BB781160 /* Pods-FreeBuf.release.xcconfig */;
			buildSettings = {
				ASSETCATALOG_COMPILER_APPICON_NAME = AppIcon;
				DEVELOPMENT_TEAM = 3PYKU7D6KZ;
				GCC_PREFIX_HEADER = FreeBuf/PrefixHeader.pch;
				INFOPLIST_FILE = FreeBuf/Info.plist;
				IPHONEOS_DEPLOYMENT_TARGET = 8.0;
				LD_RUNPATH_SEARCH_PATHS = "$(inherited) @executable_path/Frameworks";
				PRODUCT_BUNDLE_IDENTIFIER = com.clkeji.FreeBuf;
				PRODUCT_NAME = "$(TARGET_NAME)";
			};
			name = Release;
		};
/* End XCBuildConfiguration section */

/* Begin XCConfigurationList section */
		44DD8A0F1F32B81400C55DB7 /* Build configuration list for PBXProject "FreeBuf" */ = {
			isa = XCConfigurationList;
			buildConfigurations = (
				44DD8A291F32B81400C55DB7 /* Debug */,
				44DD8A2A1F32B81400C55DB7 /* Release */,
			);
			defaultConfigurationIsVisible = 0;
			defaultConfigurationName = Release;
		};
		44DD8A2B1F32B81400C55DB7 /* Build configuration list for PBXNativeTarget "FreeBuf" */ = {
			isa = XCConfigurationList;
			buildConfigurations = (
				44DD8A2C1F32B81400C55DB7 /* Debug */,
				44DD8A2D1F32B81400C55DB7 /* Release */,
			);
			defaultConfigurationIsVisible = 0;
			defaultConfigurationName = Release;
		};
/* End XCConfigurationList section */
	};
	rootObject = 44DD8A0C1F32B81400C55DB7 /* Project object */;
}
